// !$*UTF8*$!
{
	archiveVersion = 1;
	classes = {
	};
	objectVersion = 56;
	objects = {

/* Begin PBXBuildFile section */
		2C61FA2E29E07040004797AD /* quest_ios_appApp.swift in Sources */ = {isa = PBXBuildFile; fileRef = 2C61FA2D29E07040004797AD /* quest_ios_appApp.swift */; };
		2C61FA3029E07040004797AD /* ContentView.swift in Sources */ = {isa = PBXBuildFile; fileRef = 2C61FA2F29E07040004797AD /* ContentView.swift */; };
		2C61FA3229E07041004797AD /* Assets.xcassets in Resources */ = {isa = PBXBuildFile; fileRef = 2C61FA3129E07041004797AD /* Assets.xcassets */; };
		2C61FA3529E07041004797AD /* Preview Assets.xcassets in Resources */ = {isa = PBXBuildFile; fileRef = 2C61FA3429E07041004797AD /* Preview Assets.xcassets */; };
		2C61FA3F29E07042004797AD /* quest_ios_appTests.swift in Sources */ = {isa = PBXBuildFile; fileRef = 2C61FA3E29E07042004797AD /* quest_ios_appTests.swift */; };
		2C61FA4929E07042004797AD /* quest_ios_appUITests.swift in Sources */ = {isa = PBXBuildFile; fileRef = 2C61FA4829E07042004797AD /* quest_ios_appUITests.swift */; };
		2C61FA4B29E07042004797AD /* quest_ios_appUITestsLaunchTests.swift in Sources */ = {isa = PBXBuildFile; fileRef = 2C61FA4A29E07042004797AD /* quest_ios_appUITestsLaunchTests.swift */; };
/* End PBXBuildFile section */

/* Begin PBXContainerItemProxy section */
		2C61FA3B29E07042004797AD /* PBXContainerItemProxy */ = {
			isa = PBXContainerItemProxy;
			containerPortal = 2C61FA2229E07040004797AD /* Project object */;
			proxyType = 1;
			remoteGlobalIDString = 2C61FA2929E07040004797AD;
			remoteInfo = "quest-ios-app";
		};
		2C61FA4529E07042004797AD /* PBXContainerItemProxy */ = {
			isa = PBXContainerItemProxy;
			containerPortal = 2C61FA2229E07040004797AD /* Project object */;
			proxyType = 1;
			remoteGlobalIDString = 2C61FA2929E07040004797AD;
			remoteInfo = "quest-ios-app";
		};
/* End PBXContainerItemProxy section */

/* Begin PBXFileReference section */
		2C61FA2A29E07040004797AD /* quest-ios-app.app */ = {isa = PBXFileReference; explicitFileType = wrapper.application; includeInIndex = 0; path = "quest-ios-app.app"; sourceTree = BUILT_PRODUCTS_DIR; };
		2C61FA2D29E07040004797AD /* quest_ios_appApp.swift */ = {isa = PBXFileReference; lastKnownFileType = sourcecode.swift; path = quest_ios_appApp.swift; sourceTree = "<group>"; };
		2C61FA2F29E07040004797AD /* ContentView.swift */ = {isa = PBXFileReference; lastKnownFileType = sourcecode.swift; path = ContentView.swift; sourceTree = "<group>"; };
		2C61FA3129E07041004797AD /* Assets.xcassets */ = {isa = PBXFileReference; lastKnownFileType = folder.assetcatalog; path = Assets.xcassets; sourceTree = "<group>"; };
		2C61FA3429E07041004797AD /* Preview Assets.xcassets */ = {isa = PBXFileReference; lastKnownFileType = folder.assetcatalog; path = "Preview Assets.xcassets"; sourceTree = "<group>"; };
		2C61FA3A29E07042004797AD /* quest-ios-appTests.xctest */ = {isa = PBXFileReference; explicitFileType = wrapper.cfbundle; includeInIndex = 0; path = "quest-ios-appTests.xctest"; sourceTree = BUILT_PRODUCTS_DIR; };
		2C61FA3E29E07042004797AD /* quest_ios_appTests.swift */ = {isa = PBXFileReference; lastKnownFileType = sourcecode.swift; path = quest_ios_appTests.swift; sourceTree = "<group>"; };
		2C61FA4429E07042004797AD /* quest-ios-appUITests.xctest */ = {isa = PBXFileReference; explicitFileType = wrapper.cfbundle; includeInIndex = 0; path = "quest-ios-appUITests.xctest"; sourceTree = BUILT_PRODUCTS_DIR; };
		2C61FA4829E07042004797AD /* quest_ios_appUITests.swift */ = {isa = PBXFileReference; lastKnownFileType = sourcecode.swift; path = quest_ios_appUITests.swift; sourceTree = "<group>"; };
		2C61FA4A29E07042004797AD /* quest_ios_appUITestsLaunchTests.swift */ = {isa = PBXFileReference; lastKnownFileType = sourcecode.swift; path = quest_ios_appUITestsLaunchTests.swift; sourceTree = "<group>"; };
/* End PBXFileReference section */

/* Begin PBXFrameworksBuildPhase section */
		2C61FA2729E07040004797AD /* Frameworks */ = {
			isa = PBXFrameworksBuildPhase;
			buildActionMask = 2147483647;
			files = (
			);
			runOnlyForDeploymentPostprocessing = 0;
		};
		2C61FA3729E07042004797AD /* Frameworks */ = {
			isa = PBXFrameworksBuildPhase;
			buildActionMask = 2147483647;
			files = (
			);
			runOnlyForDeploymentPostprocessing = 0;
		};
		2C61FA4129E07042004797AD /* Frameworks */ = {
			isa = PBXFrameworksBuildPhase;
			buildActionMask = 2147483647;
			files = (
			);
			runOnlyForDeploymentPostprocessing = 0;
		};
/* End PBXFrameworksBuildPhase section */

/* Begin PBXGroup section */
		2C61FA2129E07040004797AD = {
			isa = PBXGroup;
			children = (
				2C61FA2C29E07040004797AD /* quest-ios-app */,
				2C61FA3D29E07042004797AD /* quest-ios-appTests */,
				2C61FA4729E07042004797AD /* quest-ios-appUITests */,
				2C61FA2B29E07040004797AD /* Products */,
			);
			sourceTree = "<group>";
		};
		2C61FA2B29E07040004797AD /* Products */ = {
			isa = PBXGroup;
			children = (
				2C61FA2A29E07040004797AD /* quest-ios-app.app */,
				2C61FA3A29E07042004797AD /* quest-ios-appTests.xctest */,
				2C61FA4429E07042004797AD /* quest-ios-appUITests.xctest */,
			);
			name = Products;
			sourceTree = "<group>";
		};
		2C61FA2C29E07040004797AD /* quest-ios-app */ = {
			isa = PBXGroup;
			children = (
				2C61FA2D29E07040004797AD /* quest_ios_appApp.swift */,
				2C61FA2F29E07040004797AD /* ContentView.swift */,
				2C61FA3129E07041004797AD /* Assets.xcassets */,
				2C61FA3329E07041004797AD /* Preview Content */,
			);
			path = "quest-ios-app";
			sourceTree = "<group>";
		};
		2C61FA3329E07041004797AD /* Preview Content */ = {
			isa = PBXGroup;
			children = (
				2C61FA3429E07041004797AD /* Preview Assets.xcassets */,
			);
			path = "Preview Content";
			sourceTree = "<group>";
		};
		2C61FA3D29E07042004797AD /* quest-ios-appTests */ = {
			isa = PBXGroup;
			children = (
				2C61FA3E29E07042004797AD /* quest_ios_appTests.swift */,
			);
			path = "quest-ios-appTests";
			sourceTree = "<group>";
		};
		2C61FA4729E07042004797AD /* quest-ios-appUITests */ = {
			isa = PBXGroup;
			children = (
				2C61FA4829E07042004797AD /* quest_ios_appUITests.swift */,
				2C61FA4A29E07042004797AD /* quest_ios_appUITestsLaunchTests.swift */,
			);
			path = "quest-ios-appUITests";
			sourceTree = "<group>";
		};
/* End PBXGroup section */

/* Begin PBXNativeTarget section */
		2C61FA2929E07040004797AD /* quest-ios-app */ = {
			isa = PBXNativeTarget;
			buildConfigurationList = 2C61FA4E29E07042004797AD /* Build configuration list for PBXNativeTarget "quest-ios-app" */;
			buildPhases = (
				2C61FA2629E07040004797AD /* Sources */,
				2C61FA2729E07040004797AD /* Frameworks */,
				2C61FA2829E07040004797AD /* Resources */,
			);
			buildRules = (
			);
			dependencies = (
			);
			name = "quest-ios-app";
			productName = "quest-ios-app";
			productReference = 2C61FA2A29E07040004797AD /* quest-ios-app.app */;
			productType = "com.apple.product-type.application";
		};
		2C61FA3929E07042004797AD /* quest-ios-appTests */ = {
			isa = PBXNativeTarget;
			buildConfigurationList = 2C61FA5129E07042004797AD /* Build configuration list for PBXNativeTarget "quest-ios-appTests" */;
			buildPhases = (
				2C61FA3629E07042004797AD /* Sources */,
				2C61FA3729E07042004797AD /* Frameworks */,
				2C61FA3829E07042004797AD /* Resources */,
			);
			buildRules = (
			);
			dependencies = (
				2C61FA3C29E07042004797AD /* PBXTargetDependency */,
			);
			name = "quest-ios-appTests";
			productName = "quest-ios-appTests";
			productReference = 2C61FA3A29E07042004797AD /* quest-ios-appTests.xctest */;
			productType = "com.apple.product-type.bundle.unit-test";
		};
		2C61FA4329E07042004797AD /* quest-ios-appUITests */ = {
			isa = PBXNativeTarget;
			buildConfigurationList = 2C61FA5429E07042004797AD /* Build configuration list for PBXNativeTarget "quest-ios-appUITests" */;
			buildPhases = (
				2C61FA4029E07042004797AD /* Sources */,
				2C61FA4129E07042004797AD /* Frameworks */,
				2C61FA4229E07042004797AD /* Resources */,
			);
			buildRules = (
			);
			dependencies = (
				2C61FA4629E07042004797AD /* PBXTargetDependency */,
			);
			name = "quest-ios-appUITests";
			productName = "quest-ios-appUITests";
			productReference = 2C61FA4429E07042004797AD /* quest-ios-appUITests.xctest */;
			productType = "com.apple.product-type.bundle.ui-testing";
		};
/* End PBXNativeTarget section */

/* Begin PBXProject section */
		2C61FA2229E07040004797AD /* Project object */ = {
			isa = PBXProject;
			attributes = {
				BuildIndependentTargetsInParallel = 1;
				LastSwiftUpdateCheck = 1430;
				LastUpgradeCheck = 1430;
				TargetAttributes = {
					2C61FA2929E07040004797AD = {
						CreatedOnToolsVersion = 14.3;
					};
					2C61FA3929E07042004797AD = {
						CreatedOnToolsVersion = 14.3;
						TestTargetID = 2C61FA2929E07040004797AD;
					};
					2C61FA4329E07042004797AD = {
						CreatedOnToolsVersion = 14.3;
						TestTargetID = 2C61FA2929E07040004797AD;
					};
				};
			};
			buildConfigurationList = 2C61FA2529E07040004797AD /* Build configuration list for PBXProject "quest-ios-app" */;
			compatibilityVersion = "Xcode 14.0";
			developmentRegion = en;
			hasScannedForEncodings = 0;
			knownRegions = (
				en,
				Base,
			);
			mainGroup = 2C61FA2129E07040004797AD;
			productRefGroup = 2C61FA2B29E07040004797AD /* Products */;
			projectDirPath = "";
			projectRoot = "";
			targets = (
				2C61FA2929E07040004797AD /* quest-ios-app */,
				2C61FA3929E07042004797AD /* quest-ios-appTests */,
				2C61FA4329E07042004797AD /* quest-ios-appUITests */,
			);
		};
/* End PBXProject section */

/* Begin PBXResourcesBuildPhase section */
		2C61FA2829E07040004797AD /* Resources */ = {
			isa = PBXResourcesBuildPhase;
			buildActionMask = 2147483647;
			files = (
				2C61FA3529E07041004797AD /* Preview Assets.xcassets in Resources */,
				2C61FA3229E07041004797AD /* Assets.xcassets in Resources */,
			);
			runOnlyForDeploymentPostprocessing = 0;
		};
		2C61FA3829E07042004797AD /* Resources */ = {
			isa = PBXResourcesBuildPhase;
			buildActionMask = 2147483647;
			files = (
			);
			runOnlyForDeploymentPostprocessing = 0;
		};
		2C61FA4229E07042004797AD /* Resources */ = {
			isa = PBXResourcesBuildPhase;
			buildActionMask = 2147483647;
			files = (
			);
			runOnlyForDeploymentPostprocessing = 0;
		};
/* End PBXResourcesBuildPhase section */

/* Begin PBXSourcesBuildPhase section */
		2C61FA2629E07040004797AD /* Sources */ = {
			isa = PBXSourcesBuildPhase;
			buildActionMask = 2147483647;
			files = (
				2C61FA3029E07040004797AD /* ContentView.swift in Sources */,
				2C61FA2E29E07040004797AD /* quest_ios_appApp.swift in Sources */,
			);
			runOnlyForDeploymentPostprocessing = 0;
		};
		2C61FA3629E07042004797AD /* Sources */ = {
			isa = PBXSourcesBuildPhase;
			buildActionMask = 2147483647;
			files = (
				2C61FA3F29E07042004797AD /* quest_ios_appTests.swift in Sources */,
			);
			runOnlyForDeploymentPostprocessing = 0;
		};
		2C61FA4029E07042004797AD /* Sources */ = {
			isa = PBXSourcesBuildPhase;
			buildActionMask = 2147483647;
			files = (
				2C61FA4929E07042004797AD /* quest_ios_appUITests.swift in Sources */,
				2C61FA4B29E07042004797AD /* quest_ios_appUITestsLaunchTests.swift in Sources */,
			);
			runOnlyForDeploymentPostprocessing = 0;
		};
/* End PBXSourcesBuildPhase section */

/* Begin PBXTargetDependency section */
		2C61FA3C29E07042004797AD /* PBXTargetDependency */ = {
			isa = PBXTargetDependency;
			target = 2C61FA2929E07040004797AD /* quest-ios-app */;
			targetProxy = 2C61FA3B29E07042004797AD /* PBXContainerItemProxy */;
		};
		2C61FA4629E07042004797AD /* PBXTargetDependency */ = {
			isa = PBXTargetDependency;
			target = 2C61FA2929E07040004797AD /* quest-ios-app */;
			targetProxy = 2C61FA4529E07042004797AD /* PBXContainerItemProxy */;
		};
/* End PBXTargetDependency section */

/* Begin XCBuildConfiguration section */
		2C61FA4C29E07042004797AD /* Debug */ = {
			isa = XCBuildConfiguration;
			buildSettings = {
				ALWAYS_SEARCH_USER_PATHS = NO;
				CLANG_ANALYZER_NONNULL = YES;
				CLANG_ANALYZER_NUMBER_OBJECT_CONVERSION = YES_AGGRESSIVE;
				CLANG_CXX_LANGUAGE_STANDARD = "gnu++20";
				CLANG_ENABLE_MODULES = YES;
				CLANG_ENABLE_OBJC_ARC = YES;
				CLANG_ENABLE_OBJC_WEAK = YES;
				CLANG_WARN_BLOCK_CAPTURE_AUTORELEASING = YES;
				CLANG_WARN_BOOL_CONVERSION = YES;
				CLANG_WARN_COMMA = YES;
				CLANG_WARN_CONSTANT_CONVERSION = YES;
				CLANG_WARN_DEPRECATED_OBJC_IMPLEMENTATIONS = YES;
				CLANG_WARN_DIRECT_OBJC_ISA_USAGE = YES_ERROR;
				CLANG_WARN_DOCUMENTATION_COMMENTS = YES;
				CLANG_WARN_EMPTY_BODY = YES;
				CLANG_WARN_ENUM_CONVERSION = YES;
				CLANG_WARN_INFINITE_RECURSION = YES;
				CLANG_WARN_INT_CONVERSION = YES;
				CLANG_WARN_NON_LITERAL_NULL_CONVERSION = YES;
				CLANG_WARN_OBJC_IMPLICIT_RETAIN_SELF = YES;
				CLANG_WARN_OBJC_LITERAL_CONVERSION = YES;
				CLANG_WARN_OBJC_ROOT_CLASS = YES_ERROR;
				CLANG_WARN_QUOTED_INCLUDE_IN_FRAMEWORK_HEADER = YES;
				CLANG_WARN_RANGE_LOOP_ANALYSIS = YES;
				CLANG_WARN_STRICT_PROTOTYPES = YES;
				CLANG_WARN_SUSPICIOUS_MOVE = YES;
				CLANG_WARN_UNGUARDED_AVAILABILITY = YES_AGGRESSIVE;
				CLANG_WARN_UNREACHABLE_CODE = YES;
				CLANG_WARN__DUPLICATE_METHOD_MATCH = YES;
				COPY_PHASE_STRIP = NO;
				DEBUG_INFORMATION_FORMAT = dwarf;
				ENABLE_STRICT_OBJC_MSGSEND = YES;
				ENABLE_TESTABILITY = YES;
				GCC_C_LANGUAGE_STANDARD = gnu11;
				GCC_DYNAMIC_NO_PIC = NO;
				GCC_NO_COMMON_BLOCKS = YES;
				GCC_OPTIMIZATION_LEVEL = 0;
				GCC_PREPROCESSOR_DEFINITIONS = (
					"DEBUG=1",
					"$(inherited)",
				);
				GCC_WARN_64_TO_32_BIT_CONVERSION = YES;
				GCC_WARN_ABOUT_RETURN_TYPE = YES_ERROR;
				GCC_WARN_UNDECLARED_SELECTOR = YES;
				GCC_WARN_UNINITIALIZED_AUTOS = YES_AGGRESSIVE;
				GCC_WARN_UNUSED_FUNCTION = YES;
				GCC_WARN_UNUSED_VARIABLE = YES;
				IPHONEOS_DEPLOYMENT_TARGET = 16.4;
				MTL_ENABLE_DEBUG_INFO = INCLUDE_SOURCE;
				MTL_FAST_MATH = YES;
				ONLY_ACTIVE_ARCH = YES;
				SDKROOT = iphoneos;
				SWIFT_ACTIVE_COMPILATION_CONDITIONS = DEBUG;
				SWIFT_OPTIMIZATION_LEVEL = "-Onone";
			};
			name = Debug;
		};
		2C61FA4D29E07042004797AD /* Release */ = {
			isa = XCBuildConfiguration;
			buildSettings = {
				ALWAYS_SEARCH_USER_PATHS = NO;
				CLANG_ANALYZER_NONNULL = YES;
				CLANG_ANALYZER_NUMBER_OBJECT_CONVERSION = YES_AGGRESSIVE;
				CLANG_CXX_LANGUAGE_STANDARD = "gnu++20";
				CLANG_ENABLE_MODULES = YES;
				CLANG_ENABLE_OBJC_ARC = YES;
				CLANG_ENABLE_OBJC_WEAK = YES;
				CLANG_WARN_BLOCK_CAPTURE_AUTORELEASING = YES;
				CLANG_WARN_BOOL_CONVERSION = YES;
				CLANG_WARN_COMMA = YES;
				CLANG_WARN_CONSTANT_CONVERSION = YES;
				CLANG_WARN_DEPRECATED_OBJC_IMPLEMENTATIONS = YES;
				CLANG_WARN_DIRECT_OBJC_ISA_USAGE = YES_ERROR;
				CLANG_WARN_DOCUMENTATION_COMMENTS = YES;
				CLANG_WARN_EMPTY_BODY = YES;
				CLANG_WARN_ENUM_CONVERSION = YES;
				CLANG_WARN_INFINITE_RECURSION = YES;
				CLANG_WARN_INT_CONVERSION = YES;
				CLANG_WARN_NON_LITERAL_NULL_CONVERSION = YES;
				CLANG_WARN_OBJC_IMPLICIT_RETAIN_SELF = YES;
				CLANG_WARN_OBJC_LITERAL_CONVERSION = YES;
				CLANG_WARN_OBJC_ROOT_CLASS = YES_ERROR;
				CLANG_WARN_QUOTED_INCLUDE_IN_FRAMEWORK_HEADER = YES;
				CLANG_WARN_RANGE_LOOP_ANALYSIS = YES;
				CLANG_WARN_STRICT_PROTOTYPES = YES;
				CLANG_WARN_SUSPICIOUS_MOVE = YES;
				CLANG_WARN_UNGUARDED_AVAILABILITY = YES_AGGRESSIVE;
				CLANG_WARN_UNREACHABLE_CODE = YES;
				CLANG_WARN__DUPLICATE_METHOD_MATCH = YES;
				COPY_PHASE_STRIP = NO;
				DEBUG_INFORMATION_FORMAT = "dwarf-with-dsym";
				ENABLE_NS_ASSERTIONS = NO;
				ENABLE_STRICT_OBJC_MSGSEND = YES;
				GCC_C_LANGUAGE_STANDARD = gnu11;
				GCC_NO_COMMON_BLOCKS = YES;
				GCC_WARN_64_TO_32_BIT_CONVERSION = YES;
				GCC_WARN_ABOUT_RETURN_TYPE = YES_ERROR;
				GCC_WARN_UNDECLARED_SELECTOR = YES;
				GCC_WARN_UNINITIALIZED_AUTOS = YES_AGGRESSIVE;
				GCC_WARN_UNUSED_FUNCTION = YES;
				GCC_WARN_UNUSED_VARIABLE = YES;
				IPHONEOS_DEPLOYMENT_TARGET = 16.4;
				MTL_ENABLE_DEBUG_INFO = NO;
				MTL_FAST_MATH = YES;
				SDKROOT = iphoneos;
				SWIFT_COMPILATION_MODE = wholemodule;
				SWIFT_OPTIMIZATION_LEVEL = "-O";
				VALIDATE_PRODUCT = YES;
			};
			name = Release;
		};
		2C61FA4F29E07042004797AD /* Debug */ = {
			isa = XCBuildConfiguration;
			buildSettings = {
				ASSETCATALOG_COMPILER_APPICON_NAME = AppIcon;
				ASSETCATALOG_COMPILER_GLOBAL_ACCENT_COLOR_NAME = AccentColor;
				CODE_SIGN_STYLE = Automatic;
				CURRENT_PROJECT_VERSION = 1;
				DEVELOPMENT_ASSET_PATHS = "\"quest-ios-app/Preview Content\"";
				ENABLE_PREVIEWS = YES;
				GENERATE_INFOPLIST_FILE = YES;
				INFOPLIST_KEY_UIApplicationSceneManifest_Generation = YES;
				INFOPLIST_KEY_UIApplicationSupportsIndirectInputEvents = YES;
				INFOPLIST_KEY_UILaunchScreen_Generation = YES;
				INFOPLIST_KEY_UISupportedInterfaceOrientations_iPad = "UIInterfaceOrientationPortrait UIInterfaceOrientationPortraitUpsideDown UIInterfaceOrientationLandscapeLeft UIInterfaceOrientationLandscapeRight";
				INFOPLIST_KEY_UISupportedInterfaceOrientations_iPhone = "UIInterfaceOrientationPortrait UIInterfaceOrientationLandscapeLeft UIInterfaceOrientationLandscapeRight";
				LD_RUNPATH_SEARCH_PATHS = (
					"$(inherited)",
					"@executable_path/Frameworks",
				);
				MARKETING_VERSION = 1.0;
				PRODUCT_BUNDLE_IDENTIFIER = "com.example.quest-ios-app";
				PRODUCT_NAME = "$(TARGET_NAME)";
				SWIFT_EMIT_LOC_STRINGS = YES;
				SWIFT_VERSION = 5.0;
				TARGETED_DEVICE_FAMILY = "1,2";
			};
			name = Debug;
		};
		2C61FA5029E07042004797AD /* Release */ = {
			isa = XCBuildConfiguration;
			buildSettings = {
				ASSETCATALOG_COMPILER_APPICON_NAME = AppIcon;
				ASSETCATALOG_COMPILER_GLOBAL_ACCENT_COLOR_NAME = AccentColor;
				CODE_SIGN_STYLE = Automatic;
				CURRENT_PROJECT_VERSION = 1;
				DEVELOPMENT_ASSET_PATHS = "\"quest-ios-app/Preview Content\"";
				ENABLE_PREVIEWS = YES;
				GENERATE_INFOPLIST_FILE = YES;
				INFOPLIST_KEY_UIApplicationSceneManifest_Generation = YES;
				INFOPLIST_KEY_UIApplicationSupportsIndirectInputEvents = YES;
				INFOPLIST_KEY_UILaunchScreen_Generation = YES;
				INFOPLIST_KEY_UISupportedInterfaceOrientations_iPad = "UIInterfaceOrientationPortrait UIInterfaceOrientationPortraitUpsideDown UIInterfaceOrientationLandscapeLeft UIInterfaceOrientationLandscapeRight";
				INFOPLIST_KEY_UISupportedInterfaceOrientations_iPhone = "UIInterfaceOrientationPortrait UIInterfaceOrientationLandscapeLeft UIInterfaceOrientationLandscapeRight";
				LD_RUNPATH_SEARCH_PATHS = (
					"$(inherited)",
					"@executable_path/Frameworks",
				);
				MARKETING_VERSION = 1.0;
				PRODUCT_BUNDLE_IDENTIFIER = "com.example.quest-ios-app";
				PRODUCT_NAME = "$(TARGET_NAME)";
				SWIFT_EMIT_LOC_STRINGS = YES;
				SWIFT_VERSION = 5.0;
				TARGETED_DEVICE_FAMILY = "1,2";
			};
			name = Release;
		};
		2C61FA5229E07042004797AD /* Debug */ = {
			isa = XCBuildConfiguration;
			buildSettings = {
				ALWAYS_EMBED_SWIFT_STANDARD_LIBRARIES = YES;
				BUNDLE_LOADER = "$(TEST_HOST)";
				CODE_SIGN_STYLE = Automatic;
				CURRENT_PROJECT_VERSION = 1;
				GENERATE_INFOPLIST_FILE = YES;
				IPHONEOS_DEPLOYMENT_TARGET = 16.4;
				MARKETING_VERSION = 1.0;
				PRODUCT_BUNDLE_IDENTIFIER = "com.example.quest-ios-appTests";
				PRODUCT_NAME = "$(TARGET_NAME)";
				SWIFT_EMIT_LOC_STRINGS = NO;
				SWIFT_VERSION = 5.0;
				TARGETED_DEVICE_FAMILY = "1,2";
				TEST_HOST = "$(BUILT_PRODUCTS_DIR)/quest-ios-app.app/$(BUNDLE_EXECUTABLE_FOLDER_PATH)/quest-ios-app";
			};
			name = Debug;
		};
		2C61FA5329E07042004797AD /* Release */ = {
			isa = XCBuildConfiguration;
			buildSettings = {
				ALWAYS_EMBED_SWIFT_STANDARD_LIBRARIES = YES;
				BUNDLE_LOADER = "$(TEST_HOST)";
				CODE_SIGN_STYLE = Automatic;
				CURRENT_PROJECT_VERSION = 1;
				GENERATE_INFOPLIST_FILE = YES;
				IPHONEOS_DEPLOYMENT_TARGET = 16.4;
				MARKETING_VERSION = 1.0;
				PRODUCT_BUNDLE_IDENTIFIER = "com.example.quest-ios-appTests";
				PRODUCT_NAME = "$(TARGET_NAME)";
				SWIFT_EMIT_LOC_STRINGS = NO;
				SWIFT_VERSION = 5.0;
				TARGETED_DEVICE_FAMILY = "1,2";
				TEST_HOST = "$(BUILT_PRODUCTS_DIR)/quest-ios-app.app/$(BUNDLE_EXECUTABLE_FOLDER_PATH)/quest-ios-app";
			};
			name = Release;
		};
		2C61FA5529E07042004797AD /* Debug */ = {
			isa = XCBuildConfiguration;
			buildSettings = {
				ALWAYS_EMBED_SWIFT_STANDARD_LIBRARIES = YES;
				CODE_SIGN_STYLE = Automatic;
				CURRENT_PROJECT_VERSION = 1;
				GENERATE_INFOPLIST_FILE = YES;
				MARKETING_VERSION = 1.0;
				PRODUCT_BUNDLE_IDENTIFIER = "com.example.quest-ios-appUITests";
				PRODUCT_NAME = "$(TARGET_NAME)";
				SWIFT_EMIT_LOC_STRINGS = NO;
				SWIFT_VERSION = 5.0;
				TARGETED_DEVICE_FAMILY = "1,2";
				TEST_TARGET_NAME = "quest-ios-app";
			};
			name = Debug;
		};
		2C61FA5629E07042004797AD /* Release */ = {
			isa = XCBuildConfiguration;
			buildSettings = {
				ALWAYS_EMBED_SWIFT_STANDARD_LIBRARIES = YES;
				CODE_SIGN_STYLE = Automatic;
				CURRENT_PROJECT_VERSION = 1;
				GENERATE_INFOPLIST_FILE = YES;
				MARKETING_VERSION = 1.0;
				PRODUCT_BUNDLE_IDENTIFIER = "com.example.quest-ios-appUITests";
				PRODUCT_NAME = "$(TARGET_NAME)";
				SWIFT_EMIT_LOC_STRINGS = NO;
				SWIFT_VERSION = 5.0;
				TARGETED_DEVICE_FAMILY = "1,2";
				TEST_TARGET_NAME = "quest-ios-app";
			};
			name = Release;
		};
/* End XCBuildConfiguration section */

/* Begin XCConfigurationList section */
		2C61FA2529E07040004797AD /* Build configuration list for PBXProject "quest-ios-app" */ = {
			isa = XCConfigurationList;
			buildConfigurations = (
				2C61FA4C29E07042004797AD /* Debug */,
				2C61FA4D29E07042004797AD /* Release */,
			);
			defaultConfigurationIsVisible = 0;
			defaultConfigurationName = Release;
		};
		2C61FA4E29E07042004797AD /* Build configuration list for PBXNativeTarget "quest-ios-app" */ = {
			isa = XCConfigurationList;
			buildConfigurations = (
				2C61FA4F29E07042004797AD /* Debug */,
				2C61FA5029E07042004797AD /* Release */,
			);
			defaultConfigurationIsVisible = 0;
			defaultConfigurationName = Release;
		};
		2C61FA5129E07042004797AD /* Build configuration list for PBXNativeTarget "quest-ios-appTests" */ = {
			isa = XCConfigurationList;
			buildConfigurations = (
				2C61FA5229E07042004797AD /* Debug */,
				2C61FA5329E07042004797AD /* Release */,
			);
			defaultConfigurationIsVisible = 0;
			defaultConfigurationName = Release;
		};
		2C61FA5429E07042004797AD /* Build configuration list for PBXNativeTarget "quest-ios-appUITests" */ = {
			isa = XCConfigurationList;
			buildConfigurations = (
				2C61FA5529E07042004797AD /* Debug */,
				2C61FA5629E07042004797AD /* Release */,
			);
			defaultConfigurationIsVisible = 0;
			defaultConfigurationName = Release;
		};
/* End XCConfigurationList section */
	};
	rootObject = 2C61FA2229E07040004797AD /* Project object */;
}
